
Microsoft Visual Studio Solution File, Format Version 12.00
# Visual Studio 15
VisualStudioVersion = 15.0.28307.572
MinimumVisualStudioVersion = 10.0.40219.1
Project("{FAE04EC0-301F-11D3-BF4B-00C04F79EFBC}") = "MbASCII", "MbASCII.csproj", "{C8DDFE8F-C13A-4B04-B755-17F0A9597C14}"
EndProject
Global
	GlobalSection(SolutionConfigurationPlatforms) = preSolution
		Debug|Any CPU = Debug|Any CPU
		Release|Any CPU = Release|Any CPU
	EndGlobalSection
	GlobalSection(ProjectConfigurationPlatforms) = postSolution
		{C8DDFE8F-C13A-4B04-B755-17F0A9597C14}.Debug|Any CPU.ActiveCfg = Debug|Any CPU
		{C8DDFE8F-C13A-4B04-B755-17F0A9597C14}.Debug|Any CPU.Build.0 = Debug|Any CPU
		{C8DDFE8F-C13A-4B04-B755-17F0A9597C14}.Release|Any CPU.ActiveCfg = Release|Any CPU
		{C8DDFE8F-C13A-4B04-B755-17F0A9597C14}.Release|Any CPU.Build.0 = Release|Any CPU
	EndGlobalSection
	GlobalSection(SolutionProperties) = preSolution
		HideSolutionNode = FALSE
	EndGlobalSection
	GlobalSection(ExtensibilityGlobals) = postSolution
		SolutionGuid = {68A2783A-EC9C-4216-AEDC-B3D89821BEF3}
	EndGlobalSection
EndGlobal
